// !$*UTF8*$!
{
	archiveVersion = 1;
	classes = {
	};
	objectVersion = 55;
	objects = {

/* Begin PBXBuildFile section */
		41C38C71B5C31C9FBFFEA017 /* Pods_potok.framework in Frameworks */ = {isa = PBXBuildFile; fileRef = 73EABA9271EDEFAEEAEA0869 /* Pods_potok.framework */; };
		84899A5F28465CC60015A72E /* AppDelegate.swift in Sources */ = {isa = PBXBuildFile; fileRef = 84899A5E28465CC60015A72E /* AppDelegate.swift */; };
		84899A6128465CC60015A72E /* SceneDelegate.swift in Sources */ = {isa = PBXBuildFile; fileRef = 84899A6028465CC60015A72E /* SceneDelegate.swift */; };
		84899A6328465CC60015A72E /* FeedViewController.swift in Sources */ = {isa = PBXBuildFile; fileRef = 84899A6228465CC60015A72E /* FeedViewController.swift */; };
		84899A6628465CC60015A72E /* Main.storyboard in Resources */ = {isa = PBXBuildFile; fileRef = 84899A6428465CC60015A72E /* Main.storyboard */; };
		84899A6928465CC60015A72E /* potok.xcdatamodeld in Sources */ = {isa = PBXBuildFile; fileRef = 84899A6728465CC60015A72E /* potok.xcdatamodeld */; };
		84899A6B28465CC70015A72E /* Assets.xcassets in Resources */ = {isa = PBXBuildFile; fileRef = 84899A6A28465CC70015A72E /* Assets.xcassets */; };
		84899A6E28465CC70015A72E /* LaunchScreen.storyboard in Resources */ = {isa = PBXBuildFile; fileRef = 84899A6C28465CC70015A72E /* LaunchScreen.storyboard */; };
		84899A77284662EC0015A72E /* swiftgen.yml in Resources */ = {isa = PBXBuildFile; fileRef = 84899A76284662EC0015A72E /* swiftgen.yml */; };
		84899A79284663490015A72E /* Colors.xcassets in Resources */ = {isa = PBXBuildFile; fileRef = 84899A78284663490015A72E /* Colors.xcassets */; };
		84899A802846661D0015A72E /* Generated in Resources */ = {isa = PBXBuildFile; fileRef = 84899A7E2846661D0015A72E /* Generated */; };
		84899A812846661D0015A72E /* en.lproj in Resources */ = {isa = PBXBuildFile; fileRef = 84899A7F2846661D0015A72E /* en.lproj */; };
		84899A84284680250015A72E /* FeedViewController+Constraints.swift in Sources */ = {isa = PBXBuildFile; fileRef = 84899A83284680250015A72E /* FeedViewController+Constraints.swift */; };
		84899A8A2846CF4D0015A72E /* FeedCollectionViewCell.swift in Sources */ = {isa = PBXBuildFile; fileRef = 84899A882846CF4D0015A72E /* FeedCollectionViewCell.swift */; };
		84899A8B2846CF4D0015A72E /* FeedCollectionViewCell.xib in Resources */ = {isa = PBXBuildFile; fileRef = 84899A892846CF4D0015A72E /* FeedCollectionViewCell.xib */; };
/* End PBXBuildFile section */

/* Begin PBXFileReference section */
		4CF0BE99FDE2F430BF4B91FE /* Pods-potok.release.xcconfig */ = {isa = PBXFileReference; includeInIndex = 1; lastKnownFileType = text.xcconfig; name = "Pods-potok.release.xcconfig"; path = "Target Support Files/Pods-potok/Pods-potok.release.xcconfig"; sourceTree = "<group>"; };
		73EABA9271EDEFAEEAEA0869 /* Pods_potok.framework */ = {isa = PBXFileReference; explicitFileType = wrapper.framework; includeInIndex = 0; path = Pods_potok.framework; sourceTree = BUILT_PRODUCTS_DIR; };
		84899A5B28465CC60015A72E /* potok.app */ = {isa = PBXFileReference; explicitFileType = wrapper.application; includeInIndex = 0; path = potok.app; sourceTree = BUILT_PRODUCTS_DIR; };
		84899A5E28465CC60015A72E /* AppDelegate.swift */ = {isa = PBXFileReference; lastKnownFileType = sourcecode.swift; path = AppDelegate.swift; sourceTree = "<group>"; };
		84899A6028465CC60015A72E /* SceneDelegate.swift */ = {isa = PBXFileReference; lastKnownFileType = sourcecode.swift; path = SceneDelegate.swift; sourceTree = "<group>"; };
		84899A6228465CC60015A72E /* FeedViewController.swift */ = {isa = PBXFileReference; lastKnownFileType = sourcecode.swift; path = FeedViewController.swift; sourceTree = "<group>"; };
		84899A6528465CC60015A72E /* Base */ = {isa = PBXFileReference; lastKnownFileType = file.storyboard; name = Base; path = Base.lproj/Main.storyboard; sourceTree = "<group>"; };
		84899A6828465CC60015A72E /* potok.xcdatamodel */ = {isa = PBXFileReference; lastKnownFileType = wrapper.xcdatamodel; path = potok.xcdatamodel; sourceTree = "<group>"; };
		84899A6A28465CC70015A72E /* Assets.xcassets */ = {isa = PBXFileReference; lastKnownFileType = folder.assetcatalog; path = Assets.xcassets; sourceTree = "<group>"; };
		84899A6D28465CC70015A72E /* Base */ = {isa = PBXFileReference; lastKnownFileType = file.storyboard; name = Base; path = Base.lproj/LaunchScreen.storyboard; sourceTree = "<group>"; };
		84899A6F28465CC70015A72E /* Info.plist */ = {isa = PBXFileReference; lastKnownFileType = text.plist.xml; path = Info.plist; sourceTree = "<group>"; };
		84899A76284662EC0015A72E /* swiftgen.yml */ = {isa = PBXFileReference; fileEncoding = 4; lastKnownFileType = text.yaml; path = swiftgen.yml; sourceTree = "<group>"; };
		84899A78284663490015A72E /* Colors.xcassets */ = {isa = PBXFileReference; lastKnownFileType = folder.assetcatalog; path = Colors.xcassets; sourceTree = "<group>"; };
		84899A7E2846661D0015A72E /* Generated */ = {isa = PBXFileReference; lastKnownFileType = folder; path = Generated; sourceTree = "<group>"; };
		84899A7F2846661D0015A72E /* en.lproj */ = {isa = PBXFileReference; lastKnownFileType = folder; path = en.lproj; sourceTree = "<group>"; };
		84899A83284680250015A72E /* FeedViewController+Constraints.swift */ = {isa = PBXFileReference; lastKnownFileType = sourcecode.swift; path = "FeedViewController+Constraints.swift"; sourceTree = "<group>"; };
		84899A882846CF4D0015A72E /* FeedCollectionViewCell.swift */ = {isa = PBXFileReference; lastKnownFileType = sourcecode.swift; path = FeedCollectionViewCell.swift; sourceTree = "<group>"; };
		84899A892846CF4D0015A72E /* FeedCollectionViewCell.xib */ = {isa = PBXFileReference; lastKnownFileType = file.xib; path = FeedCollectionViewCell.xib; sourceTree = "<group>"; };
		EBB2F48649863BBBFE074817 /* Pods-potok.debug.xcconfig */ = {isa = PBXFileReference; includeInIndex = 1; lastKnownFileType = text.xcconfig; name = "Pods-potok.debug.xcconfig"; path = "Target Support Files/Pods-potok/Pods-potok.debug.xcconfig"; sourceTree = "<group>"; };
/* End PBXFileReference section */

/* Begin PBXFrameworksBuildPhase section */
		84899A5828465CC60015A72E /* Frameworks */ = {
			isa = PBXFrameworksBuildPhase;
			buildActionMask = 2147483647;
			files = (
				41C38C71B5C31C9FBFFEA017 /* Pods_potok.framework in Frameworks */,
			);
			runOnlyForDeploymentPostprocessing = 0;
		};
/* End PBXFrameworksBuildPhase section */

/* Begin PBXGroup section */
		6E826FD2E1101E4657D25020 /* Pods */ = {
			isa = PBXGroup;
			children = (
				EBB2F48649863BBBFE074817 /* Pods-potok.debug.xcconfig */,
				4CF0BE99FDE2F430BF4B91FE /* Pods-potok.release.xcconfig */,
			);
			path = Pods;
			sourceTree = "<group>";
		};
		7F0DF30EFFDD9EFC17139EB5 /* Frameworks */ = {
			isa = PBXGroup;
			children = (
				73EABA9271EDEFAEEAEA0869 /* Pods_potok.framework */,
			);
			name = Frameworks;
			sourceTree = "<group>";
		};
		84899A5228465CC60015A72E = {
			isa = PBXGroup;
			children = (
				84899A76284662EC0015A72E /* swiftgen.yml */,
				84899A5D28465CC60015A72E /* potok */,
				84899A5C28465CC60015A72E /* Products */,
				6E826FD2E1101E4657D25020 /* Pods */,
				7F0DF30EFFDD9EFC17139EB5 /* Frameworks */,
			);
			sourceTree = "<group>";
		};
		84899A5C28465CC60015A72E /* Products */ = {
			isa = PBXGroup;
			children = (
				84899A5B28465CC60015A72E /* potok.app */,
			);
			name = Products;
			sourceTree = "<group>";
		};
		84899A5D28465CC60015A72E /* potok */ = {
			isa = PBXGroup;
			children = (
				84899A7F2846661D0015A72E /* en.lproj */,
				84899A7E2846661D0015A72E /* Generated */,
				84899A5E28465CC60015A72E /* AppDelegate.swift */,
				84899A6028465CC60015A72E /* SceneDelegate.swift */,
				84899A85284683D10015A72E /* View */,
				84899A6428465CC60015A72E /* Main.storyboard */,
				84899A6A28465CC70015A72E /* Assets.xcassets */,
				84899A6C28465CC70015A72E /* LaunchScreen.storyboard */,
				84899A6F28465CC70015A72E /* Info.plist */,
				84899A6728465CC60015A72E /* potok.xcdatamodeld */,
				84899A78284663490015A72E /* Colors.xcassets */,
			);
			path = potok;
			sourceTree = "<group>";
		};
		84899A82284680090015A72E /* FeedViewController */ = {
			isa = PBXGroup;
			children = (
				84899A6228465CC60015A72E /* FeedViewController.swift */,
				84899A83284680250015A72E /* FeedViewController+Constraints.swift */,
			);
			path = FeedViewController;
			sourceTree = "<group>";
		};
		84899A85284683D10015A72E /* View */ = {
			isa = PBXGroup;
			children = (
				84899A82284680090015A72E /* FeedViewController */,
				84899A8C2846CF520015A72E /* FeedCollectionViewCell */,
			);
			path = View;
			sourceTree = "<group>";
		};
		84899A8C2846CF520015A72E /* FeedCollectionViewCell */ = {
			isa = PBXGroup;
			children = (
				84899A882846CF4D0015A72E /* FeedCollectionViewCell.swift */,
				84899A892846CF4D0015A72E /* FeedCollectionViewCell.xib */,
			);
			path = FeedCollectionViewCell;
			sourceTree = "<group>";
		};
/* End PBXGroup section */

/* Begin PBXNativeTarget section */
		84899A5A28465CC60015A72E /* potok */ = {
			isa = PBXNativeTarget;
			buildConfigurationList = 84899A7228465CC70015A72E /* Build configuration list for PBXNativeTarget "potok" */;
			buildPhases = (
				5ED01F9513F5AC8D03BDB945 /* [CP] Check Pods Manifest.lock */,
				84899A75284661E90015A72E /* Run SwiftGen Script */,
				84899A5728465CC60015A72E /* Sources */,
				84899A5828465CC60015A72E /* Frameworks */,
				84899A5928465CC60015A72E /* Resources */,
				20A3AD2AC6AAA0C9B6EA01E3 /* [CP] Embed Pods Frameworks */,
			);
			buildRules = (
			);
			dependencies = (
			);
			name = potok;
			productName = potok;
			productReference = 84899A5B28465CC60015A72E /* potok.app */;
			productType = "com.apple.product-type.application";
		};
/* End PBXNativeTarget section */

/* Begin PBXProject section */
		84899A5328465CC60015A72E /* Project object */ = {
			isa = PBXProject;
			attributes = {
				BuildIndependentTargetsInParallel = 1;
				LastSwiftUpdateCheck = 1340;
				LastUpgradeCheck = 1340;
				TargetAttributes = {
					84899A5A28465CC60015A72E = {
						CreatedOnToolsVersion = 13.4;
					};
				};
			};
			buildConfigurationList = 84899A5628465CC60015A72E /* Build configuration list for PBXProject "potok" */;
			compatibilityVersion = "Xcode 13.0";
			developmentRegion = en;
			hasScannedForEncodings = 0;
			knownRegions = (
				en,
				Base,
			);
			mainGroup = 84899A5228465CC60015A72E;
			productRefGroup = 84899A5C28465CC60015A72E /* Products */;
			projectDirPath = "";
			projectRoot = "";
			targets = (
				84899A5A28465CC60015A72E /* potok */,
			);
		};
/* End PBXProject section */

/* Begin PBXResourcesBuildPhase section */
		84899A5928465CC60015A72E /* Resources */ = {
			isa = PBXResourcesBuildPhase;
			buildActionMask = 2147483647;
			files = (
				84899A812846661D0015A72E /* en.lproj in Resources */,
				84899A79284663490015A72E /* Colors.xcassets in Resources */,
				84899A6E28465CC70015A72E /* LaunchScreen.storyboard in Resources */,
				84899A802846661D0015A72E /* Generated in Resources */,
				84899A6B28465CC70015A72E /* Assets.xcassets in Resources */,
				84899A6628465CC60015A72E /* Main.storyboard in Resources */,
				84899A8B2846CF4D0015A72E /* FeedCollectionViewCell.xib in Resources */,
				84899A77284662EC0015A72E /* swiftgen.yml in Resources */,
			);
			runOnlyForDeploymentPostprocessing = 0;
		};
/* End PBXResourcesBuildPhase section */

/* Begin PBXShellScriptBuildPhase section */
		20A3AD2AC6AAA0C9B6EA01E3 /* [CP] Embed Pods Frameworks */ = {
			isa = PBXShellScriptBuildPhase;
			buildActionMask = 2147483647;
			files = (
			);
			inputFileListPaths = (
				"${PODS_ROOT}/Target Support Files/Pods-potok/Pods-potok-frameworks-${CONFIGURATION}-input-files.xcfilelist",
			);
			name = "[CP] Embed Pods Frameworks";
			outputFileListPaths = (
				"${PODS_ROOT}/Target Support Files/Pods-potok/Pods-potok-frameworks-${CONFIGURATION}-output-files.xcfilelist",
			);
			runOnlyForDeploymentPostprocessing = 0;
			shellPath = /bin/sh;
			shellScript = "\"${PODS_ROOT}/Target Support Files/Pods-potok/Pods-potok-frameworks.sh\"\n";
			showEnvVarsInLog = 0;
		};
		5ED01F9513F5AC8D03BDB945 /* [CP] Check Pods Manifest.lock */ = {
			isa = PBXShellScriptBuildPhase;
			buildActionMask = 2147483647;
			files = (
			);
			inputFileListPaths = (
			);
			inputPaths = (
				"${PODS_PODFILE_DIR_PATH}/Podfile.lock",
				"${PODS_ROOT}/Manifest.lock",
			);
			name = "[CP] Check Pods Manifest.lock";
			outputFileListPaths = (
			);
			outputPaths = (
				"$(DERIVED_FILE_DIR)/Pods-potok-checkManifestLockResult.txt",
			);
			runOnlyForDeploymentPostprocessing = 0;
			shellPath = /bin/sh;
			shellScript = "diff \"${PODS_PODFILE_DIR_PATH}/Podfile.lock\" \"${PODS_ROOT}/Manifest.lock\" > /dev/null\nif [ $? != 0 ] ; then\n    # print error to STDERR\n    echo \"error: The sandbox is not in sync with the Podfile.lock. Run 'pod install' or update your CocoaPods installation.\" >&2\n    exit 1\nfi\n# This output is used by Xcode 'outputs' to avoid re-running this script phase.\necho \"SUCCESS\" > \"${SCRIPT_OUTPUT_FILE_0}\"\n";
			showEnvVarsInLog = 0;
		};
		84899A75284661E90015A72E /* Run SwiftGen Script */ = {
			isa = PBXShellScriptBuildPhase;
			buildActionMask = 2147483647;
			files = (
			);
			inputFileListPaths = (
			);
			inputPaths = (
			);
			name = "Run SwiftGen Script";
			outputFileListPaths = (
			);
			outputPaths = (
			);
			runOnlyForDeploymentPostprocessing = 0;
			shellPath = /bin/sh;
			shellScript = "# Type a script or drag a script file from your workspace to insert its path.\n\nif [[ -f \"${PODS_ROOT}/SwiftGen/bin/swiftgen\" ]]; then\n  \"${PODS_ROOT}/SwiftGen/bin/swiftgen\"\nelse\n  echo \"warning: SwiftGen is not installed. Run 'pod install --repo-update' to install it.\"\nfi\n";
		};
/* End PBXShellScriptBuildPhase section */

/* Begin PBXSourcesBuildPhase section */
		84899A5728465CC60015A72E /* Sources */ = {
			isa = PBXSourcesBuildPhase;
			buildActionMask = 2147483647;
			files = (
				84899A6328465CC60015A72E /* FeedViewController.swift in Sources */,
				84899A5F28465CC60015A72E /* AppDelegate.swift in Sources */,
				84899A8A2846CF4D0015A72E /* FeedCollectionViewCell.swift in Sources */,
				84899A84284680250015A72E /* FeedViewController+Constraints.swift in Sources */,
				84899A6128465CC60015A72E /* SceneDelegate.swift in Sources */,
				84899A6928465CC60015A72E /* potok.xcdatamodeld in Sources */,
			);
			runOnlyForDeploymentPostprocessing = 0;
		};
/* End PBXSourcesBuildPhase section */

/* Begin PBXVariantGroup section */
		84899A6428465CC60015A72E /* Main.storyboard */ = {
			isa = PBXVariantGroup;
			children = (
				84899A6528465CC60015A72E /* Base */,
			);
			name = Main.storyboard;
			sourceTree = "<group>";
		};
		84899A6C28465CC70015A72E /* LaunchScreen.storyboard */ = {
			isa = PBXVariantGroup;
			children = (
				84899A6D28465CC70015A72E /* Base */,
			);
			name = LaunchScreen.storyboard;
			sourceTree = "<group>";
		};
/* End PBXVariantGroup section */

/* Begin XCBuildConfiguration section */
		84899A7028465CC70015A72E /* Debug */ = {
			isa = XCBuildConfiguration;
			buildSettings = {
				ALWAYS_SEARCH_USER_PATHS = NO;
				CLANG_ANALYZER_NONNULL = YES;
				CLANG_ANALYZER_NUMBER_OBJECT_CONVERSION = YES_AGGRESSIVE;
				CLANG_CXX_LANGUAGE_STANDARD = "gnu++17";
				CLANG_ENABLE_MODULES = YES;
				CLANG_ENABLE_OBJC_ARC = YES;
				CLANG_ENABLE_OBJC_WEAK = YES;
				CLANG_WARN_BLOCK_CAPTURE_AUTORELEASING = YES;
				CLANG_WARN_BOOL_CONVERSION = YES;
				CLANG_WARN_COMMA = YES;
				CLANG_WARN_CONSTANT_CONVERSION = YES;
				CLANG_WARN_DEPRECATED_OBJC_IMPLEMENTATIONS = YES;
				CLANG_WARN_DIRECT_OBJC_ISA_USAGE = YES_ERROR;
				CLANG_WARN_DOCUMENTATION_COMMENTS = YES;
				CLANG_WARN_EMPTY_BODY = YES;
				CLANG_WARN_ENUM_CONVERSION = YES;
				CLANG_WARN_INFINITE_RECURSION = YES;
				CLANG_WARN_INT_CONVERSION = YES;
				CLANG_WARN_NON_LITERAL_NULL_CONVERSION = YES;
				CLANG_WARN_OBJC_IMPLICIT_RETAIN_SELF = YES;
				CLANG_WARN_OBJC_LITERAL_CONVERSION = YES;
				CLANG_WARN_OBJC_ROOT_CLASS = YES_ERROR;
				CLANG_WARN_QUOTED_INCLUDE_IN_FRAMEWORK_HEADER = YES;
				CLANG_WARN_RANGE_LOOP_ANALYSIS = YES;
				CLANG_WARN_STRICT_PROTOTYPES = YES;
				CLANG_WARN_SUSPICIOUS_MOVE = YES;
				CLANG_WARN_UNGUARDED_AVAILABILITY = YES_AGGRESSIVE;
				CLANG_WARN_UNREACHABLE_CODE = YES;
				CLANG_WARN__DUPLICATE_METHOD_MATCH = YES;
				COPY_PHASE_STRIP = NO;
				DEBUG_INFORMATION_FORMAT = dwarf;
				ENABLE_STRICT_OBJC_MSGSEND = YES;
				ENABLE_TESTABILITY = YES;
				GCC_C_LANGUAGE_STANDARD = gnu11;
				GCC_DYNAMIC_NO_PIC = NO;
				GCC_NO_COMMON_BLOCKS = YES;
				GCC_OPTIMIZATION_LEVEL = 0;
				GCC_PREPROCESSOR_DEFINITIONS = (
					"DEBUG=1",
					"$(inherited)",
				);
				GCC_WARN_64_TO_32_BIT_CONVERSION = YES;
				GCC_WARN_ABOUT_RETURN_TYPE = YES_ERROR;
				GCC_WARN_UNDECLARED_SELECTOR = YES;
				GCC_WARN_UNINITIALIZED_AUTOS = YES_AGGRESSIVE;
				GCC_WARN_UNUSED_FUNCTION = YES;
				GCC_WARN_UNUSED_VARIABLE = YES;
				IPHONEOS_DEPLOYMENT_TARGET = 15.5;
				MTL_ENABLE_DEBUG_INFO = INCLUDE_SOURCE;
				MTL_FAST_MATH = YES;
				ONLY_ACTIVE_ARCH = YES;
				SDKROOT = iphoneos;
				SWIFT_ACTIVE_COMPILATION_CONDITIONS = DEBUG;
				SWIFT_OPTIMIZATION_LEVEL = "-Onone";
			};
			name = Debug;
		};
		84899A7128465CC70015A72E /* Release */ = {
			isa = XCBuildConfiguration;
			buildSettings = {
				ALWAYS_SEARCH_USER_PATHS = NO;
				CLANG_ANALYZER_NONNULL = YES;
				CLANG_ANALYZER_NUMBER_OBJECT_CONVERSION = YES_AGGRESSIVE;
				CLANG_CXX_LANGUAGE_STANDARD = "gnu++17";
				CLANG_ENABLE_MODULES = YES;
				CLANG_ENABLE_OBJC_ARC = YES;
				CLANG_ENABLE_OBJC_WEAK = YES;
				CLANG_WARN_BLOCK_CAPTURE_AUTORELEASING = YES;
				CLANG_WARN_BOOL_CONVERSION = YES;
				CLANG_WARN_COMMA = YES;
				CLANG_WARN_CONSTANT_CONVERSION = YES;
				CLANG_WARN_DEPRECATED_OBJC_IMPLEMENTATIONS = YES;
				CLANG_WARN_DIRECT_OBJC_ISA_USAGE = YES_ERROR;
				CLANG_WARN_DOCUMENTATION_COMMENTS = YES;
				CLANG_WARN_EMPTY_BODY = YES;
				CLANG_WARN_ENUM_CONVERSION = YES;
				CLANG_WARN_INFINITE_RECURSION = YES;
				CLANG_WARN_INT_CONVERSION = YES;
				CLANG_WARN_NON_LITERAL_NULL_CONVERSION = YES;
				CLANG_WARN_OBJC_IMPLICIT_RETAIN_SELF = YES;
				CLANG_WARN_OBJC_LITERAL_CONVERSION = YES;
				CLANG_WARN_OBJC_ROOT_CLASS = YES_ERROR;
				CLANG_WARN_QUOTED_INCLUDE_IN_FRAMEWORK_HEADER = YES;
				CLANG_WARN_RANGE_LOOP_ANALYSIS = YES;
				CLANG_WARN_STRICT_PROTOTYPES = YES;
				CLANG_WARN_SUSPICIOUS_MOVE = YES;
				CLANG_WARN_UNGUARDED_AVAILABILITY = YES_AGGRESSIVE;
				CLANG_WARN_UNREACHABLE_CODE = YES;
				CLANG_WARN__DUPLICATE_METHOD_MATCH = YES;
				COPY_PHASE_STRIP = NO;
				DEBUG_INFORMATION_FORMAT = "dwarf-with-dsym";
				ENABLE_NS_ASSERTIONS = NO;
				ENABLE_STRICT_OBJC_MSGSEND = YES;
				GCC_C_LANGUAGE_STANDARD = gnu11;
				GCC_NO_COMMON_BLOCKS = YES;
				GCC_WARN_64_TO_32_BIT_CONVERSION = YES;
				GCC_WARN_ABOUT_RETURN_TYPE = YES_ERROR;
				GCC_WARN_UNDECLARED_SELECTOR = YES;
				GCC_WARN_UNINITIALIZED_AUTOS = YES_AGGRESSIVE;
				GCC_WARN_UNUSED_FUNCTION = YES;
				GCC_WARN_UNUSED_VARIABLE = YES;
				IPHONEOS_DEPLOYMENT_TARGET = 15.5;
				MTL_ENABLE_DEBUG_INFO = NO;
				MTL_FAST_MATH = YES;
				SDKROOT = iphoneos;
				SWIFT_COMPILATION_MODE = wholemodule;
				SWIFT_OPTIMIZATION_LEVEL = "-O";
				VALIDATE_PRODUCT = YES;
			};
			name = Release;
		};
		84899A7328465CC70015A72E /* Debug */ = {
			isa = XCBuildConfiguration;
			baseConfigurationReference = EBB2F48649863BBBFE074817 /* Pods-potok.debug.xcconfig */;
			buildSettings = {
				ASSETCATALOG_COMPILER_APPICON_NAME = AppIcon;
				ASSETCATALOG_COMPILER_GLOBAL_ACCENT_COLOR_NAME = AccentColor;
				CODE_SIGN_STYLE = Automatic;
				CURRENT_PROJECT_VERSION = 1;
				DEVELOPMENT_TEAM = 8TC4T4YW8P;
				GENERATE_INFOPLIST_FILE = YES;
				INFOPLIST_FILE = potok/Info.plist;
				INFOPLIST_KEY_CFBundleDisplayName = Potok;
				INFOPLIST_KEY_UIApplicationSupportsIndirectInputEvents = YES;
				INFOPLIST_KEY_UILaunchStoryboardName = LaunchScreen;
				INFOPLIST_KEY_UIMainStoryboardFile = Main;
				INFOPLIST_KEY_UISupportedInterfaceOrientations = UIInterfaceOrientationPortrait;
				INFOPLIST_KEY_UISupportedInterfaceOrientations_iPad = "UIInterfaceOrientationPortrait UIInterfaceOrientationPortraitUpsideDown UIInterfaceOrientationLandscapeLeft UIInterfaceOrientationLandscapeRight";
				INFOPLIST_KEY_UISupportedInterfaceOrientations_iPhone = "UIInterfaceOrientationPortrait UIInterfaceOrientationLandscapeLeft UIInterfaceOrientationLandscapeRight";
				IPHONEOS_DEPLOYMENT_TARGET = 13.0;
				LD_RUNPATH_SEARCH_PATHS = (
					"$(inherited)",
					"@executable_path/Frameworks",
				);
				MARKETING_VERSION = 1.0;
				PRODUCT_BUNDLE_IDENTIFIER = com.learn.local.potok;
				PRODUCT_NAME = "$(TARGET_NAME)";
				SWIFT_EMIT_LOC_STRINGS = YES;
				SWIFT_VERSION = 5.0;
				TARGETED_DEVICE_FAMILY = "1,2";
			};
			name = Debug;
		};
		84899A7428465CC70015A72E /* Release */ = {
			isa = XCBuildConfiguration;
			baseConfigurationReference = 4CF0BE99FDE2F430BF4B91FE /* Pods-potok.release.xcconfig */;
			buildSettings = {
				ASSETCATALOG_COMPILER_APPICON_NAME = AppIcon;
				ASSETCATALOG_COMPILER_GLOBAL_ACCENT_COLOR_NAME = AccentColor;
				CODE_SIGN_STYLE = Automatic;
				CURRENT_PROJECT_VERSION = 1;
				DEVELOPMENT_TEAM = 8TC4T4YW8P;
				GENERATE_INFOPLIST_FILE = YES;
				INFOPLIST_FILE = potok/Info.plist;
				INFOPLIST_KEY_CFBundleDisplayName = Potok;
				INFOPLIST_KEY_UIApplicationSupportsIndirectInputEvents = YES;
				INFOPLIST_KEY_UILaunchStoryboardName = LaunchScreen;
				INFOPLIST_KEY_UIMainStoryboardFile = Main;
				INFOPLIST_KEY_UISupportedInterfaceOrientations = UIInterfaceOrientationPortrait;
				INFOPLIST_KEY_UISupportedInterfaceOrientations_iPad = "UIInterfaceOrientationPortrait UIInterfaceOrientationPortraitUpsideDown UIInterfaceOrientationLandscapeLeft UIInterfaceOrientationLandscapeRight";
				INFOPLIST_KEY_UISupportedInterfaceOrientations_iPhone = "UIInterfaceOrientationPortrait UIInterfaceOrientationLandscapeLeft UIInterfaceOrientationLandscapeRight";
				IPHONEOS_DEPLOYMENT_TARGET = 13.0;
				LD_RUNPATH_SEARCH_PATHS = (
					"$(inherited)",
					"@executable_path/Frameworks",
				);
				MARKETING_VERSION = 1.0;
				PRODUCT_BUNDLE_IDENTIFIER = com.learn.local.potok;
				PRODUCT_NAME = "$(TARGET_NAME)";
				SWIFT_EMIT_LOC_STRINGS = YES;
				SWIFT_VERSION = 5.0;
				TARGETED_DEVICE_FAMILY = "1,2";
			};
			name = Release;
		};
/* End XCBuildConfiguration section */

/* Begin XCConfigurationList section */
		84899A5628465CC60015A72E /* Build configuration list for PBXProject "potok" */ = {
			isa = XCConfigurationList;
			buildConfigurations = (
				84899A7028465CC70015A72E /* Debug */,
				84899A7128465CC70015A72E /* Release */,
			);
			defaultConfigurationIsVisible = 0;
			defaultConfigurationName = Release;
		};
		84899A7228465CC70015A72E /* Build configuration list for PBXNativeTarget "potok" */ = {
			isa = XCConfigurationList;
			buildConfigurations = (
				84899A7328465CC70015A72E /* Debug */,
				84899A7428465CC70015A72E /* Release */,
			);
			defaultConfigurationIsVisible = 0;
			defaultConfigurationName = Release;
		};
/* End XCConfigurationList section */

/* Begin XCVersionGroup section */
		84899A6728465CC60015A72E /* potok.xcdatamodeld */ = {
			isa = XCVersionGroup;
			children = (
				84899A6828465CC60015A72E /* potok.xcdatamodel */,
			);
			currentVersion = 84899A6828465CC60015A72E /* potok.xcdatamodel */;
			path = potok.xcdatamodeld;
			sourceTree = "<group>";
			versionGroupType = wrapper.xcdatamodel;
		};
/* End XCVersionGroup section */
	};
	rootObject = 84899A5328465CC60015A72E /* Project object */;
}
